
Microsoft Visual Studio Solution File, Format Version 12.00
# Visual Studio Version 16
VisualStudioVersion = 16.0.31729.503
MinimumVisualStudioVersion = 10.0.40219.1
Project("{8BC9CEB8-8B4A-11D0-8D11-00A0C91BC942}") = "StruktureIspit(proslaGod)", "StruktureIspit(proslaGod)\StruktureIspit(proslaGod).vcxproj", "{2AB13A86-C3EF-426E-95E0-7E899A16A12B}"
EndProject
Global
	GlobalSection(SolutionConfigurationPlatforms) = preSolution
		Debug|x64 = Debug|x64
		Debug|x86 = Debug|x86
		Release|x64 = Release|x64
		Release|x86 = Release|x86
	EndGlobalSection
	GlobalSection(ProjectConfigurationPlatforms) = postSolution
		{2AB13A86-C3EF-426E-95E0-7E899A16A12B}.Debug|x64.ActiveCfg = Debug|x64
		{2AB13A86-C3EF-426E-95E0-7E899A16A12B}.Debug|x64.Build.0 = Debug|x64
		{2AB13A86-C3EF-426E-95E0-7E899A16A12B}.Debug|x86.ActiveCfg = Debug|Win32
		{2AB13A86-C3EF-426E-95E0-7E899A16A12B}.Debug|x86.Build.0 = Debug|Win32
		{2AB13A86-C3EF-426E-95E0-7E899A16A12B}.Release|x64.ActiveCfg = Release|x64
		{2AB13A86-C3EF-426E-95E0-7E899A16A12B}.Release|x64.Build.0 = Release|x64
		{2AB13A86-C3EF-426E-95E0-7E899A16A12B}.Release|x86.ActiveCfg = Release|Win32
		{2AB13A86-C3EF-426E-95E0-7E899A16A12B}.Release|x86.Build.0 = Release|Win32
	EndGlobalSection
	GlobalSection(SolutionProperties) = preSolution
		HideSolutionNode = FALSE
	EndGlobalSection
	GlobalSection(ExtensibilityGlobals) = postSolution
		SolutionGuid = {F126CA55-2C5F-4E14-8C88-464616CD44F0}
	EndGlobalSection
EndGlobal
